
Microsoft Visual Studio Solution File, Format Version 12.00
# Visual Studio Version 17
VisualStudioVersion = 17.8.34309.116
MinimumVisualStudioVersion = 10.0.40219.1
Project("{FAE04EC0-301F-11D3-BF4B-00C04F79EFBC}") = "Labb2", "Labb2\Labb2.csproj", "{DA60746D-254D-4D72-A7BC-6435F06C2A00}"
EndProject
Global
	GlobalSection(SolutionConfigurationPlatforms) = preSolution
		Debug|Any CPU = Debug|Any CPU
		Release|Any CPU = Release|Any CPU
	EndGlobalSection
	GlobalSection(ProjectConfigurationPlatforms) = postSolution
		{DA60746D-254D-4D72-A7BC-6435F06C2A00}.Debug|Any CPU.ActiveCfg = Debug|Any CPU
		{DA60746D-254D-4D72-A7BC-6435F06C2A00}.Debug|Any CPU.Build.0 = Debug|Any CPU
		{DA60746D-254D-4D72-A7BC-6435F06C2A00}.Release|Any CPU.ActiveCfg = Release|Any CPU
		{DA60746D-254D-4D72-A7BC-6435F06C2A00}.Release|Any CPU.Build.0 = Release|Any CPU
	EndGlobalSection
	GlobalSection(SolutionProperties) = preSolution
		HideSolutionNode = FALSE
	EndGlobalSection
	GlobalSection(ExtensibilityGlobals) = postSolution
		SolutionGuid = {5AC3BD5B-2A74-44EA-ADF6-AFC0DDCE8933}
	EndGlobalSection
EndGlobal
